
Microsoft Visual Studio Solution File, Format Version 12.00
# Visual Studio Version 16
VisualStudioVersion = 16.0.32413.511
MinimumVisualStudioVersion = 10.0.40219.1
Project("{FAE04EC0-301F-11D3-BF4B-00C04F79EFBC}") = "WpfApp2", "WpfApp2\WpfApp2.csproj", "{8808912F-7811-40DA-BAB1-6B67C2AA5BF8}"
EndProject
Global
	GlobalSection(SolutionConfigurationPlatforms) = preSolution
		Debug|Any CPU = Debug|Any CPU
		Release|Any CPU = Release|Any CPU
	EndGlobalSection
	GlobalSection(ProjectConfigurationPlatforms) = postSolution
		{8808912F-7811-40DA-BAB1-6B67C2AA5BF8}.Debug|Any CPU.ActiveCfg = Debug|Any CPU
		{8808912F-7811-40DA-BAB1-6B67C2AA5BF8}.Debug|Any CPU.Build.0 = Debug|Any CPU
		{8808912F-7811-40DA-BAB1-6B67C2AA5BF8}.Release|Any CPU.ActiveCfg = Release|Any CPU
		{8808912F-7811-40DA-BAB1-6B67C2AA5BF8}.Release|Any CPU.Build.0 = Release|Any CPU
	EndGlobalSection
	GlobalSection(SolutionProperties) = preSolution
		HideSolutionNode = FALSE
	EndGlobalSection
	GlobalSection(ExtensibilityGlobals) = postSolution
		SolutionGuid = {F8A14DB9-29E0-475F-8274-E41ED284DE0A}
	EndGlobalSection
EndGlobal
